
Microsoft Visual Studio Solution File, Format Version 12.00
# Visual Studio 14
VisualStudioVersion = 14.0.24720.0
MinimumVisualStudioVersion = 10.0.40219.1
Project("{E24C65DC-7377-472B-9ABA-BC803B73C61A}") = "HiveConceptDesigns", "..\..\..\Documents\Visual Studio 2015\WebSites\HiveConceptDesigns\", "{86682B64-EEEF-478E-89C4-AEC8AC3FA723}"
	ProjectSection(WebsiteProperties) = preProject
		TargetFrameworkMoniker = ".NETFramework,Version%3Dv4.5.2"
		Debug.AspNetCompiler.VirtualPath = "/localhost_60374"
		Debug.AspNetCompiler.PhysicalPath = "..\..\..\Documents\Visual Studio 2015\WebSites\HiveConceptDesigns\"
		Debug.AspNetCompiler.TargetPath = "PrecompiledWeb\localhost_60374\"
		Debug.AspNetCompiler.Updateable = "true"
		Debug.AspNetCompiler.ForceOverwrite = "true"
		Debug.AspNetCompiler.FixedNames = "false"
		Debug.AspNetCompiler.Debug = "True"
		Release.AspNetCompiler.VirtualPath = "/localhost_60374"
		Release.AspNetCompiler.PhysicalPath = "..\..\..\Documents\Visual Studio 2015\WebSites\HiveConceptDesigns\"
		Release.AspNetCompiler.TargetPath = "PrecompiledWeb\localhost_60374\"
		Release.AspNetCompiler.Updateable = "true"
		Release.AspNetCompiler.ForceOverwrite = "true"
		Release.AspNetCompiler.FixedNames = "false"
		Release.AspNetCompiler.Debug = "False"
		VWDPort = "60374"
		SlnRelativePath = "..\..\..\Documents\Visual Studio 2015\WebSites\HiveConceptDesigns\"
	EndProjectSection
EndProject
Global
	GlobalSection(SolutionConfigurationPlatforms) = preSolution
		Debug|Any CPU = Debug|Any CPU
	EndGlobalSection
	GlobalSection(ProjectConfigurationPlatforms) = postSolution
		{86682B64-EEEF-478E-89C4-AEC8AC3FA723}.Debug|Any CPU.ActiveCfg = Debug|Any CPU
		{86682B64-EEEF-478E-89C4-AEC8AC3FA723}.Debug|Any CPU.Build.0 = Debug|Any CPU
	EndGlobalSection
	GlobalSection(SolutionProperties) = preSolution
		HideSolutionNode = FALSE
	EndGlobalSection
EndGlobal
